// !$*UTF8*$!
{
	archiveVersion = 1;
	classes = {
	};
	objectVersion = 55;
	objects = {

/* Begin PBXBuildFile section */
		C6247DF6ED1EA00D1F68EF71 /* Pods_RCSceneExample_Objc.framework in Frameworks */ = {isa = PBXBuildFile; fileRef = 9FC164A70D40E645BFA349C7 /* Pods_RCSceneExample_Objc.framework */; };
		D3DA24E42817C659002BB3DB /* AppDelegate.m in Sources */ = {isa = PBXBuildFile; fileRef = D3DA24E32817C659002BB3DB /* AppDelegate.m */; };
		D3DA24EA2817C659002BB3DB /* HomeViewController.m in Sources */ = {isa = PBXBuildFile; fileRef = D3DA24E92817C659002BB3DB /* HomeViewController.m */; };
		D3DA24ED2817C659002BB3DB /* Main.storyboard in Resources */ = {isa = PBXBuildFile; fileRef = D3DA24EB2817C659002BB3DB /* Main.storyboard */; };
		D3DA24EF2817C65A002BB3DB /* Assets.xcassets in Resources */ = {isa = PBXBuildFile; fileRef = D3DA24EE2817C65A002BB3DB /* Assets.xcassets */; };
		D3DA24F22817C65A002BB3DB /* LaunchScreen.storyboard in Resources */ = {isa = PBXBuildFile; fileRef = D3DA24F02817C65A002BB3DB /* LaunchScreen.storyboard */; };
		D3DA24F52817C65A002BB3DB /* main.m in Sources */ = {isa = PBXBuildFile; fileRef = D3DA24F42817C65A002BB3DB /* main.m */; };
		D3DA24FB2817D4DA002BB3DB /* OCCallBridge.swift in Sources */ = {isa = PBXBuildFile; fileRef = D3DA24FA2817D4DA002BB3DB /* OCCallBridge.swift */; };
		D3DA25002817D7D3002BB3DB /* AppConfigs.swift in Sources */ = {isa = PBXBuildFile; fileRef = D3DA24FF2817D7D3002BB3DB /* AppConfigs.swift */; };
		D3DA25072817EF9B002BB3DB /* RCVoiceRoomCell.m in Sources */ = {isa = PBXBuildFile; fileRef = D3DA25062817EF9B002BB3DB /* RCVoiceRoomCell.m */; };
		D3DA250B281805C3002BB3DB /* RCSceneVoiceRoomList.m in Sources */ = {isa = PBXBuildFile; fileRef = D3DA250A281805C3002BB3DB /* RCSceneVoiceRoomList.m */; };
		D3DA250E2819481C002BB3DB /* LoginController.m in Sources */ = {isa = PBXBuildFile; fileRef = D3DA250D2819481C002BB3DB /* LoginController.m */; };
		D72616C5282CAFC000E6DA71 /* RCLoginService.swift in Sources */ = {isa = PBXBuildFile; fileRef = D72616C4282CAFC000E6DA71 /* RCLoginService.swift */; };
		D72616C7282CB00E00E6DA71 /* RCVideoRoomService.swift in Sources */ = {isa = PBXBuildFile; fileRef = D72616C6282CB00E00E6DA71 /* RCVideoRoomService.swift */; };
		D72616C9282CB06000E6DA71 /* RCLoginService.swift in Sources */ = {isa = PBXBuildFile; fileRef = D72616C8282CB06000E6DA71 /* RCLoginService.swift */; };
		D735B24027E601F900EF74B3 /* AppDelegate.swift in Sources */ = {isa = PBXBuildFile; fileRef = D735B23F27E601F900EF74B3 /* AppDelegate.swift */; };
		D735B24427E601F900EF74B3 /* HomeViewController.swift in Sources */ = {isa = PBXBuildFile; fileRef = D735B24327E601F900EF74B3 /* HomeViewController.swift */; };
		D735B24727E601F900EF74B3 /* Main.storyboard in Resources */ = {isa = PBXBuildFile; fileRef = D735B24527E601F900EF74B3 /* Main.storyboard */; };
		D735B24927E601FE00EF74B3 /* Assets.xcassets in Resources */ = {isa = PBXBuildFile; fileRef = D735B24827E601FE00EF74B3 /* Assets.xcassets */; };
		D735B24C27E601FE00EF74B3 /* LaunchScreen.storyboard in Resources */ = {isa = PBXBuildFile; fileRef = D735B24A27E601FE00EF74B3 /* LaunchScreen.storyboard */; };
		D7503F39283F2C4B007F5C0A /* HomeViewController+IM.swift in Sources */ = {isa = PBXBuildFile; fileRef = D7503F38283F2C4B007F5C0A /* HomeViewController+IM.swift */; };
		D7503F3F28411A84007F5C0A /* ENV.plist in Resources */ = {isa = PBXBuildFile; fileRef = D7503F3E28411A84007F5C0A /* ENV.plist */; };
		D7750BE028004180003188F0 /* AppConfigs.swift in Sources */ = {isa = PBXBuildFile; fileRef = D7750BDA28004180003188F0 /* AppConfigs.swift */; };
		D7750BE128004180003188F0 /* RCVideoRoomService.swift in Sources */ = {isa = PBXBuildFile; fileRef = D7750BDC28004180003188F0 /* RCVideoRoomService.swift */; };
		D7750BE228004180003188F0 /* LoginViewController.swift in Sources */ = {isa = PBXBuildFile; fileRef = D7750BDD28004180003188F0 /* LoginViewController.swift */; };
		D7750BE328004180003188F0 /* RCVideoRoomCell.swift in Sources */ = {isa = PBXBuildFile; fileRef = D7750BDF28004180003188F0 /* RCVideoRoomCell.swift */; };
		F2BF92A37581BFA30AEAAA5B /* Pods_RCSceneExample.framework in Frameworks */ = {isa = PBXBuildFile; fileRef = E5EF0CDA3FC23E945D178EDA /* Pods_RCSceneExample.framework */; };
/* End PBXBuildFile section */

/* Begin PBXFileReference section */
		19E62306A8CFD0C3FD1A3422 /* Pods-RCSceneExample-Objc.release.xcconfig */ = {isa = PBXFileReference; includeInIndex = 1; lastKnownFileType = text.xcconfig; name = "Pods-RCSceneExample-Objc.release.xcconfig"; path = "Target Support Files/Pods-RCSceneExample-Objc/Pods-RCSceneExample-Objc.release.xcconfig"; sourceTree = "<group>"; };
		4125E81EFFF1D192DE5850F4 /* Pods-RCSceneExample.release.xcconfig */ = {isa = PBXFileReference; includeInIndex = 1; lastKnownFileType = text.xcconfig; name = "Pods-RCSceneExample.release.xcconfig"; path = "Target Support Files/Pods-RCSceneExample/Pods-RCSceneExample.release.xcconfig"; sourceTree = "<group>"; };
		9FC164A70D40E645BFA349C7 /* Pods_RCSceneExample_Objc.framework */ = {isa = PBXFileReference; explicitFileType = wrapper.framework; includeInIndex = 0; path = Pods_RCSceneExample_Objc.framework; sourceTree = BUILT_PRODUCTS_DIR; };
		A58648F27F82743652A06324 /* Pods-RCSceneExample.debug.xcconfig */ = {isa = PBXFileReference; includeInIndex = 1; lastKnownFileType = text.xcconfig; name = "Pods-RCSceneExample.debug.xcconfig"; path = "Target Support Files/Pods-RCSceneExample/Pods-RCSceneExample.debug.xcconfig"; sourceTree = "<group>"; };
		BEA6E1E009E94802011FD2A9 /* Pods-RCSceneExample-Objc.debug.xcconfig */ = {isa = PBXFileReference; includeInIndex = 1; lastKnownFileType = text.xcconfig; name = "Pods-RCSceneExample-Objc.debug.xcconfig"; path = "Target Support Files/Pods-RCSceneExample-Objc/Pods-RCSceneExample-Objc.debug.xcconfig"; sourceTree = "<group>"; };
		D3DA24E02817C659002BB3DB /* RCSceneExample-Objc.app */ = {isa = PBXFileReference; explicitFileType = wrapper.application; includeInIndex = 0; path = "RCSceneExample-Objc.app"; sourceTree = BUILT_PRODUCTS_DIR; };
		D3DA24E22817C659002BB3DB /* AppDelegate.h */ = {isa = PBXFileReference; lastKnownFileType = sourcecode.c.h; path = AppDelegate.h; sourceTree = "<group>"; };
		D3DA24E32817C659002BB3DB /* AppDelegate.m */ = {isa = PBXFileReference; lastKnownFileType = sourcecode.c.objc; path = AppDelegate.m; sourceTree = "<group>"; };
		D3DA24E82817C659002BB3DB /* HomeViewController.h */ = {isa = PBXFileReference; lastKnownFileType = sourcecode.c.h; path = HomeViewController.h; sourceTree = "<group>"; };
		D3DA24E92817C659002BB3DB /* HomeViewController.m */ = {isa = PBXFileReference; lastKnownFileType = sourcecode.c.objc; path = HomeViewController.m; sourceTree = "<group>"; };
		D3DA24EC2817C659002BB3DB /* Base */ = {isa = PBXFileReference; lastKnownFileType = file.storyboard; name = Base; path = Base.lproj/Main.storyboard; sourceTree = "<group>"; };
		D3DA24EE2817C65A002BB3DB /* Assets.xcassets */ = {isa = PBXFileReference; lastKnownFileType = folder.assetcatalog; path = Assets.xcassets; sourceTree = "<group>"; };
		D3DA24F12817C65A002BB3DB /* Base */ = {isa = PBXFileReference; lastKnownFileType = file.storyboard; name = Base; path = Base.lproj/LaunchScreen.storyboard; sourceTree = "<group>"; };
		D3DA24F32817C65A002BB3DB /* Info.plist */ = {isa = PBXFileReference; lastKnownFileType = text.plist.xml; path = Info.plist; sourceTree = "<group>"; };
		D3DA24F42817C65A002BB3DB /* main.m */ = {isa = PBXFileReference; lastKnownFileType = sourcecode.c.objc; path = main.m; sourceTree = "<group>"; };
		D3DA24F92817D4DA002BB3DB /* RCSceneExample-Objc-Bridging-Header.h */ = {isa = PBXFileReference; lastKnownFileType = sourcecode.c.h; path = "RCSceneExample-Objc-Bridging-Header.h"; sourceTree = "<group>"; };
		D3DA24FA2817D4DA002BB3DB /* OCCallBridge.swift */ = {isa = PBXFileReference; lastKnownFileType = sourcecode.swift; path = OCCallBridge.swift; sourceTree = "<group>"; };
		D3DA24FF2817D7D3002BB3DB /* AppConfigs.swift */ = {isa = PBXFileReference; fileEncoding = 4; lastKnownFileType = sourcecode.swift; path = AppConfigs.swift; sourceTree = "<group>"; };
		D3DA25052817EF9B002BB3DB /* RCVoiceRoomCell.h */ = {isa = PBXFileReference; lastKnownFileType = sourcecode.c.h; path = RCVoiceRoomCell.h; sourceTree = "<group>"; };
		D3DA25062817EF9B002BB3DB /* RCVoiceRoomCell.m */ = {isa = PBXFileReference; lastKnownFileType = sourcecode.c.objc; path = RCVoiceRoomCell.m; sourceTree = "<group>"; };
		D3DA2509281805C3002BB3DB /* RCSceneVoiceRoomList.h */ = {isa = PBXFileReference; lastKnownFileType = sourcecode.c.h; path = RCSceneVoiceRoomList.h; sourceTree = "<group>"; };
		D3DA250A281805C3002BB3DB /* RCSceneVoiceRoomList.m */ = {isa = PBXFileReference; lastKnownFileType = sourcecode.c.objc; path = RCSceneVoiceRoomList.m; sourceTree = "<group>"; };
		D3DA250C2819481C002BB3DB /* LoginController.h */ = {isa = PBXFileReference; lastKnownFileType = sourcecode.c.h; path = LoginController.h; sourceTree = "<group>"; };
		D3DA250D2819481C002BB3DB /* LoginController.m */ = {isa = PBXFileReference; lastKnownFileType = sourcecode.c.objc; path = LoginController.m; sourceTree = "<group>"; };
		D72616C4282CAFC000E6DA71 /* RCLoginService.swift */ = {isa = PBXFileReference; fileEncoding = 4; lastKnownFileType = sourcecode.swift; path = RCLoginService.swift; sourceTree = "<group>"; };
		D72616C6282CB00E00E6DA71 /* RCVideoRoomService.swift */ = {isa = PBXFileReference; fileEncoding = 4; lastKnownFileType = sourcecode.swift; name = RCVideoRoomService.swift; path = "RCSceneExample-Objc/RCVideoRoomService.swift"; sourceTree = SOURCE_ROOT; };
		D72616C8282CB06000E6DA71 /* RCLoginService.swift */ = {isa = PBXFileReference; fileEncoding = 4; lastKnownFileType = sourcecode.swift; name = RCLoginService.swift; path = "RCSceneExample-Objc/RCLoginService.swift"; sourceTree = SOURCE_ROOT; };
		D735B23C27E601F900EF74B3 /* RCSceneExample.app */ = {isa = PBXFileReference; explicitFileType = wrapper.application; includeInIndex = 0; path = RCSceneExample.app; sourceTree = BUILT_PRODUCTS_DIR; };
		D735B23F27E601F900EF74B3 /* AppDelegate.swift */ = {isa = PBXFileReference; lastKnownFileType = sourcecode.swift; path = AppDelegate.swift; sourceTree = "<group>"; };
		D735B24327E601F900EF74B3 /* HomeViewController.swift */ = {isa = PBXFileReference; lastKnownFileType = sourcecode.swift; path = HomeViewController.swift; sourceTree = "<group>"; };
		D735B24627E601F900EF74B3 /* Base */ = {isa = PBXFileReference; lastKnownFileType = file.storyboard; name = Base; path = Base.lproj/Main.storyboard; sourceTree = "<group>"; };
		D735B24827E601FE00EF74B3 /* Assets.xcassets */ = {isa = PBXFileReference; lastKnownFileType = folder.assetcatalog; path = Assets.xcassets; sourceTree = "<group>"; };
		D735B24B27E601FE00EF74B3 /* Base */ = {isa = PBXFileReference; lastKnownFileType = file.storyboard; name = Base; path = Base.lproj/LaunchScreen.storyboard; sourceTree = "<group>"; };
		D735B24D27E601FE00EF74B3 /* Info.plist */ = {isa = PBXFileReference; lastKnownFileType = text.plist.xml; path = Info.plist; sourceTree = "<group>"; };
		D7503F38283F2C4B007F5C0A /* HomeViewController+IM.swift */ = {isa = PBXFileReference; lastKnownFileType = sourcecode.swift; path = "HomeViewController+IM.swift"; sourceTree = "<group>"; };
		D7503F3E28411A84007F5C0A /* ENV.plist */ = {isa = PBXFileReference; lastKnownFileType = text.plist; path = ENV.plist; sourceTree = SOURCE_ROOT; };
		D7750BDA28004180003188F0 /* AppConfigs.swift */ = {isa = PBXFileReference; fileEncoding = 4; lastKnownFileType = sourcecode.swift; path = AppConfigs.swift; sourceTree = "<group>"; };
		D7750BDC28004180003188F0 /* RCVideoRoomService.swift */ = {isa = PBXFileReference; fileEncoding = 4; lastKnownFileType = sourcecode.swift; path = RCVideoRoomService.swift; sourceTree = "<group>"; };
		D7750BDD28004180003188F0 /* LoginViewController.swift */ = {isa = PBXFileReference; fileEncoding = 4; lastKnownFileType = sourcecode.swift; path = LoginViewController.swift; sourceTree = "<group>"; };
		D7750BDF28004180003188F0 /* RCVideoRoomCell.swift */ = {isa = PBXFileReference; fileEncoding = 4; lastKnownFileType = sourcecode.swift; path = RCVideoRoomCell.swift; sourceTree = "<group>"; };
		E5EF0CDA3FC23E945D178EDA /* Pods_RCSceneExample.framework */ = {isa = PBXFileReference; explicitFileType = wrapper.framework; includeInIndex = 0; path = Pods_RCSceneExample.framework; sourceTree = BUILT_PRODUCTS_DIR; };
/* End PBXFileReference section */

/* Begin PBXFrameworksBuildPhase section */
		D3DA24DD2817C659002BB3DB /* Frameworks */ = {
			isa = PBXFrameworksBuildPhase;
			buildActionMask = 2147483647;
			files = (
				C6247DF6ED1EA00D1F68EF71 /* Pods_RCSceneExample_Objc.framework in Frameworks */,
			);
			runOnlyForDeploymentPostprocessing = 0;
		};
		D735B23927E601F900EF74B3 /* Frameworks */ = {
			isa = PBXFrameworksBuildPhase;
			buildActionMask = 2147483647;
			files = (
				F2BF92A37581BFA30AEAAA5B /* Pods_RCSceneExample.framework in Frameworks */,
			);
			runOnlyForDeploymentPostprocessing = 0;
		};
/* End PBXFrameworksBuildPhase section */

/* Begin PBXGroup section */
		3A8AC8E57B6F7598AD304659 /* Frameworks */ = {
			isa = PBXGroup;
			children = (
				E5EF0CDA3FC23E945D178EDA /* Pods_RCSceneExample.framework */,
				9FC164A70D40E645BFA349C7 /* Pods_RCSceneExample_Objc.framework */,
			);
			name = Frameworks;
			sourceTree = "<group>";
		};
		7C176BCBABE379868997AD28 /* Pods */ = {
			isa = PBXGroup;
			children = (
				A58648F27F82743652A06324 /* Pods-RCSceneExample.debug.xcconfig */,
				4125E81EFFF1D192DE5850F4 /* Pods-RCSceneExample.release.xcconfig */,
				BEA6E1E009E94802011FD2A9 /* Pods-RCSceneExample-Objc.debug.xcconfig */,
				19E62306A8CFD0C3FD1A3422 /* Pods-RCSceneExample-Objc.release.xcconfig */,
			);
			path = Pods;
			sourceTree = "<group>";
		};
		D3DA24E12817C659002BB3DB /* RCSceneExample-Objc */ = {
			isa = PBXGroup;
			children = (
				D3DA25082817F403002BB3DB /* Model */,
				D3DA25012817EF31002BB3DB /* VIew */,
				D3DA24FF2817D7D3002BB3DB /* AppConfigs.swift */,
				D3DA24FA2817D4DA002BB3DB /* OCCallBridge.swift */,
				D3DA24E22817C659002BB3DB /* AppDelegate.h */,
				D3DA24E32817C659002BB3DB /* AppDelegate.m */,
				D3DA250C2819481C002BB3DB /* LoginController.h */,
				D3DA250D2819481C002BB3DB /* LoginController.m */,
				D3DA24E82817C659002BB3DB /* HomeViewController.h */,
				D3DA24E92817C659002BB3DB /* HomeViewController.m */,
				D3DA24EB2817C659002BB3DB /* Main.storyboard */,
				D3DA24EE2817C65A002BB3DB /* Assets.xcassets */,
				D3DA24F02817C65A002BB3DB /* LaunchScreen.storyboard */,
				D3DA24F32817C65A002BB3DB /* Info.plist */,
				D3DA24F42817C65A002BB3DB /* main.m */,
				D3DA24F92817D4DA002BB3DB /* RCSceneExample-Objc-Bridging-Header.h */,
			);
			path = "RCSceneExample-Objc";
			sourceTree = "<group>";
		};
		D3DA25012817EF31002BB3DB /* VIew */ = {
			isa = PBXGroup;
			children = (
				D72616C8282CB06000E6DA71 /* RCLoginService.swift */,
				D72616C6282CB00E00E6DA71 /* RCVideoRoomService.swift */,
				D3DA25052817EF9B002BB3DB /* RCVoiceRoomCell.h */,
				D3DA25062817EF9B002BB3DB /* RCVoiceRoomCell.m */,
			);
			path = VIew;
			sourceTree = "<group>";
		};
		D3DA25082817F403002BB3DB /* Model */ = {
			isa = PBXGroup;
			children = (
				D3DA2509281805C3002BB3DB /* RCSceneVoiceRoomList.h */,
				D3DA250A281805C3002BB3DB /* RCSceneVoiceRoomList.m */,
			);
			path = Model;
			sourceTree = "<group>";
		};
		D735B23327E601F900EF74B3 = {
			isa = PBXGroup;
			children = (
				D735B23E27E601F900EF74B3 /* RCSceneExample */,
				D3DA24E12817C659002BB3DB /* RCSceneExample-Objc */,
				D735B23D27E601F900EF74B3 /* Products */,
				7C176BCBABE379868997AD28 /* Pods */,
				3A8AC8E57B6F7598AD304659 /* Frameworks */,
			);
			sourceTree = "<group>";
		};
		D735B23D27E601F900EF74B3 /* Products */ = {
			isa = PBXGroup;
			children = (
				D735B23C27E601F900EF74B3 /* RCSceneExample.app */,
				D3DA24E02817C659002BB3DB /* RCSceneExample-Objc.app */,
			);
			name = Products;
			sourceTree = "<group>";
		};
		D735B23E27E601F900EF74B3 /* RCSceneExample */ = {
			isa = PBXGroup;
			children = (
				D7503F3E28411A84007F5C0A /* ENV.plist */,
				D735B23F27E601F900EF74B3 /* AppDelegate.swift */,
				D735B24327E601F900EF74B3 /* HomeViewController.swift */,
				D7503F38283F2C4B007F5C0A /* HomeViewController+IM.swift */,
				D7750BDA28004180003188F0 /* AppConfigs.swift */,
				D7750BDD28004180003188F0 /* LoginViewController.swift */,
				D7750BDB28004180003188F0 /* Service */,
				D7750BDE28004180003188F0 /* View */,
				D735B24527E601F900EF74B3 /* Main.storyboard */,
				D735B24827E601FE00EF74B3 /* Assets.xcassets */,
				D735B24A27E601FE00EF74B3 /* LaunchScreen.storyboard */,
				D735B24D27E601FE00EF74B3 /* Info.plist */,
			);
			path = RCSceneExample;
			sourceTree = "<group>";
		};
		D7750BDB28004180003188F0 /* Service */ = {
			isa = PBXGroup;
			children = (
				D72616C4282CAFC000E6DA71 /* RCLoginService.swift */,
				D7750BDC28004180003188F0 /* RCVideoRoomService.swift */,
			);
			path = Service;
			sourceTree = "<group>";
		};
		D7750BDE28004180003188F0 /* View */ = {
			isa = PBXGroup;
			children = (
				D7750BDF28004180003188F0 /* RCVideoRoomCell.swift */,
			);
			path = View;
			sourceTree = "<group>";
		};
/* End PBXGroup section */

/* Begin PBXNativeTarget section */
		D3DA24DF2817C659002BB3DB /* RCSceneExample-Objc */ = {
			isa = PBXNativeTarget;
			buildConfigurationList = D3DA24F82817C65A002BB3DB /* Build configuration list for PBXNativeTarget "RCSceneExample-Objc" */;
			buildPhases = (
				F9CE1B8ACF4A94BCC798DA3F /* [CP] Check Pods Manifest.lock */,
				D3DA24DC2817C659002BB3DB /* Sources */,
				D3DA24DD2817C659002BB3DB /* Frameworks */,
				D3DA24DE2817C659002BB3DB /* Resources */,
				C41D804DEA1A68A15240980E /* [CP] Embed Pods Frameworks */,
				B398547F95C5F10EBD1C4C7F /* [CP] Copy Pods Resources */,
			);
			buildRules = (
			);
			dependencies = (
			);
			name = "RCSceneExample-Objc";
			productName = "RCSceneExample-Objc";
			productReference = D3DA24E02817C659002BB3DB /* RCSceneExample-Objc.app */;
			productType = "com.apple.product-type.application";
		};
		D735B23B27E601F900EF74B3 /* RCSceneExample */ = {
			isa = PBXNativeTarget;
			buildConfigurationList = D735B25027E601FE00EF74B3 /* Build configuration list for PBXNativeTarget "RCSceneExample" */;
			buildPhases = (
				FD145D00CFE27D68E397D20A /* [CP] Check Pods Manifest.lock */,
				D735B23827E601F900EF74B3 /* Sources */,
				D735B23927E601F900EF74B3 /* Frameworks */,
				D735B23A27E601F900EF74B3 /* Resources */,
				2B5CD2C0EA76B3C09536DA3A /* [CP] Embed Pods Frameworks */,
				DDD3E3377EFC6460C88868D8 /* [CP] Copy Pods Resources */,
			);
			buildRules = (
			);
			dependencies = (
			);
			name = RCSceneExample;
			productName = RCSceneExample;
			productReference = D735B23C27E601F900EF74B3 /* RCSceneExample.app */;
			productType = "com.apple.product-type.application";
		};
/* End PBXNativeTarget section */

/* Begin PBXProject section */
		D735B23427E601F900EF74B3 /* Project object */ = {
			isa = PBXProject;
			attributes = {
				BuildIndependentTargetsInParallel = 1;
				LastSwiftUpdateCheck = 1330;
				LastUpgradeCheck = 1330;
				TargetAttributes = {
					D3DA24DF2817C659002BB3DB = {
						CreatedOnToolsVersion = 13.1;
						LastSwiftMigration = 1310;
					};
					D735B23B27E601F900EF74B3 = {
						CreatedOnToolsVersion = 13.3;
					};
				};
			};
			buildConfigurationList = D735B23727E601F900EF74B3 /* Build configuration list for PBXProject "RCSceneExample" */;
			compatibilityVersion = "Xcode 13.0";
			developmentRegion = en;
			hasScannedForEncodings = 0;
			knownRegions = (
				en,
				Base,
			);
			mainGroup = D735B23327E601F900EF74B3;
			productRefGroup = D735B23D27E601F900EF74B3 /* Products */;
			projectDirPath = "";
			projectRoot = "";
			targets = (
				D735B23B27E601F900EF74B3 /* RCSceneExample */,
				D3DA24DF2817C659002BB3DB /* RCSceneExample-Objc */,
			);
		};
/* End PBXProject section */

/* Begin PBXResourcesBuildPhase section */
		D3DA24DE2817C659002BB3DB /* Resources */ = {
			isa = PBXResourcesBuildPhase;
			buildActionMask = 2147483647;
			files = (
				D3DA24F22817C65A002BB3DB /* LaunchScreen.storyboard in Resources */,
				D3DA24EF2817C65A002BB3DB /* Assets.xcassets in Resources */,
				D3DA24ED2817C659002BB3DB /* Main.storyboard in Resources */,
			);
			runOnlyForDeploymentPostprocessing = 0;
		};
		D735B23A27E601F900EF74B3 /* Resources */ = {
			isa = PBXResourcesBuildPhase;
			buildActionMask = 2147483647;
			files = (
				D7503F3F28411A84007F5C0A /* ENV.plist in Resources */,
				D735B24C27E601FE00EF74B3 /* LaunchScreen.storyboard in Resources */,
				D735B24927E601FE00EF74B3 /* Assets.xcassets in Resources */,
				D735B24727E601F900EF74B3 /* Main.storyboard in Resources */,
			);
			runOnlyForDeploymentPostprocessing = 0;
		};
/* End PBXResourcesBuildPhase section */

/* Begin PBXShellScriptBuildPhase section */
		2B5CD2C0EA76B3C09536DA3A /* [CP] Embed Pods Frameworks */ = {
			isa = PBXShellScriptBuildPhase;
			buildActionMask = 2147483647;
			files = (
			);
			inputFileListPaths = (
				"${PODS_ROOT}/Target Support Files/Pods-RCSceneExample/Pods-RCSceneExample-frameworks-${CONFIGURATION}-input-files.xcfilelist",
			);
			name = "[CP] Embed Pods Frameworks";
			outputFileListPaths = (
				"${PODS_ROOT}/Target Support Files/Pods-RCSceneExample/Pods-RCSceneExample-frameworks-${CONFIGURATION}-output-files.xcfilelist",
			);
			runOnlyForDeploymentPostprocessing = 0;
			shellPath = /bin/sh;
			shellScript = "\"${PODS_ROOT}/Target Support Files/Pods-RCSceneExample/Pods-RCSceneExample-frameworks.sh\"\n";
			showEnvVarsInLog = 0;
		};
		B398547F95C5F10EBD1C4C7F /* [CP] Copy Pods Resources */ = {
			isa = PBXShellScriptBuildPhase;
			buildActionMask = 2147483647;
			files = (
			);
			inputFileListPaths = (
				"${PODS_ROOT}/Target Support Files/Pods-RCSceneExample-Objc/Pods-RCSceneExample-Objc-resources-${CONFIGURATION}-input-files.xcfilelist",
			);
			name = "[CP] Copy Pods Resources";
			outputFileListPaths = (
				"${PODS_ROOT}/Target Support Files/Pods-RCSceneExample-Objc/Pods-RCSceneExample-Objc-resources-${CONFIGURATION}-output-files.xcfilelist",
			);
			runOnlyForDeploymentPostprocessing = 0;
			shellPath = /bin/sh;
			shellScript = "\"${PODS_ROOT}/Target Support Files/Pods-RCSceneExample-Objc/Pods-RCSceneExample-Objc-resources.sh\"\n";
			showEnvVarsInLog = 0;
		};
		C41D804DEA1A68A15240980E /* [CP] Embed Pods Frameworks */ = {
			isa = PBXShellScriptBuildPhase;
			buildActionMask = 2147483647;
			files = (
			);
			inputFileListPaths = (
				"${PODS_ROOT}/Target Support Files/Pods-RCSceneExample-Objc/Pods-RCSceneExample-Objc-frameworks-${CONFIGURATION}-input-files.xcfilelist",
			);
			name = "[CP] Embed Pods Frameworks";
			outputFileListPaths = (
				"${PODS_ROOT}/Target Support Files/Pods-RCSceneExample-Objc/Pods-RCSceneExample-Objc-frameworks-${CONFIGURATION}-output-files.xcfilelist",
			);
			runOnlyForDeploymentPostprocessing = 0;
			shellPath = /bin/sh;
			shellScript = "\"${PODS_ROOT}/Target Support Files/Pods-RCSceneExample-Objc/Pods-RCSceneExample-Objc-frameworks.sh\"\n";
			showEnvVarsInLog = 0;
		};
		DDD3E3377EFC6460C88868D8 /* [CP] Copy Pods Resources */ = {
			isa = PBXShellScriptBuildPhase;
			buildActionMask = 2147483647;
			files = (
			);
			inputFileListPaths = (
				"${PODS_ROOT}/Target Support Files/Pods-RCSceneExample/Pods-RCSceneExample-resources-${CONFIGURATION}-input-files.xcfilelist",
			);
			name = "[CP] Copy Pods Resources";
			outputFileListPaths = (
				"${PODS_ROOT}/Target Support Files/Pods-RCSceneExample/Pods-RCSceneExample-resources-${CONFIGURATION}-output-files.xcfilelist",
			);
			runOnlyForDeploymentPostprocessing = 0;
			shellPath = /bin/sh;
			shellScript = "\"${PODS_ROOT}/Target Support Files/Pods-RCSceneExample/Pods-RCSceneExample-resources.sh\"\n";
			showEnvVarsInLog = 0;
		};
		F9CE1B8ACF4A94BCC798DA3F /* [CP] Check Pods Manifest.lock */ = {
			isa = PBXShellScriptBuildPhase;
			buildActionMask = 2147483647;
			files = (
			);
			inputFileListPaths = (
			);
			inputPaths = (
				"${PODS_PODFILE_DIR_PATH}/Podfile.lock",
				"${PODS_ROOT}/Manifest.lock",
			);
			name = "[CP] Check Pods Manifest.lock";
			outputFileListPaths = (
			);
			outputPaths = (
				"$(DERIVED_FILE_DIR)/Pods-RCSceneExample-Objc-checkManifestLockResult.txt",
			);
			runOnlyForDeploymentPostprocessing = 0;
			shellPath = /bin/sh;
			shellScript = "diff \"${PODS_PODFILE_DIR_PATH}/Podfile.lock\" \"${PODS_ROOT}/Manifest.lock\" > /dev/null\nif [ $? != 0 ] ; then\n    # print error to STDERR\n    echo \"error: The sandbox is not in sync with the Podfile.lock. Run 'pod install' or update your CocoaPods installation.\" >&2\n    exit 1\nfi\n# This output is used by Xcode 'outputs' to avoid re-running this script phase.\necho \"SUCCESS\" > \"${SCRIPT_OUTPUT_FILE_0}\"\n";
			showEnvVarsInLog = 0;
		};
		FD145D00CFE27D68E397D20A /* [CP] Check Pods Manifest.lock */ = {
			isa = PBXShellScriptBuildPhase;
			buildActionMask = 2147483647;
			files = (
			);
			inputFileListPaths = (
			);
			inputPaths = (
				"${PODS_PODFILE_DIR_PATH}/Podfile.lock",
				"${PODS_ROOT}/Manifest.lock",
			);
			name = "[CP] Check Pods Manifest.lock";
			outputFileListPaths = (
			);
			outputPaths = (
				"$(DERIVED_FILE_DIR)/Pods-RCSceneExample-checkManifestLockResult.txt",
			);
			runOnlyForDeploymentPostprocessing = 0;
			shellPath = /bin/sh;
			shellScript = "diff \"${PODS_PODFILE_DIR_PATH}/Podfile.lock\" \"${PODS_ROOT}/Manifest.lock\" > /dev/null\nif [ $? != 0 ] ; then\n    # print error to STDERR\n    echo \"error: The sandbox is not in sync with the Podfile.lock. Run 'pod install' or update your CocoaPods installation.\" >&2\n    exit 1\nfi\n# This output is used by Xcode 'outputs' to avoid re-running this script phase.\necho \"SUCCESS\" > \"${SCRIPT_OUTPUT_FILE_0}\"\n";
			showEnvVarsInLog = 0;
		};
/* End PBXShellScriptBuildPhase section */

/* Begin PBXSourcesBuildPhase section */
		D3DA24DC2817C659002BB3DB /* Sources */ = {
			isa = PBXSourcesBuildPhase;
			buildActionMask = 2147483647;
			files = (
				D3DA250E2819481C002BB3DB /* LoginController.m in Sources */,
				D3DA24EA2817C659002BB3DB /* HomeViewController.m in Sources */,
				D3DA25072817EF9B002BB3DB /* RCVoiceRoomCell.m in Sources */,
				D3DA24FB2817D4DA002BB3DB /* OCCallBridge.swift in Sources */,
				D3DA24E42817C659002BB3DB /* AppDelegate.m in Sources */,
				D3DA25002817D7D3002BB3DB /* AppConfigs.swift in Sources */,
				D3DA24F52817C65A002BB3DB /* main.m in Sources */,
				D3DA250B281805C3002BB3DB /* RCSceneVoiceRoomList.m in Sources */,
				D72616C9282CB06000E6DA71 /* RCLoginService.swift in Sources */,
				D72616C7282CB00E00E6DA71 /* RCVideoRoomService.swift in Sources */,
			);
			runOnlyForDeploymentPostprocessing = 0;
		};
		D735B23827E601F900EF74B3 /* Sources */ = {
			isa = PBXSourcesBuildPhase;
			buildActionMask = 2147483647;
			files = (
				D735B24427E601F900EF74B3 /* HomeViewController.swift in Sources */,
				D7750BE128004180003188F0 /* RCVideoRoomService.swift in Sources */,
				D735B24027E601F900EF74B3 /* AppDelegate.swift in Sources */,
				D7503F39283F2C4B007F5C0A /* HomeViewController+IM.swift in Sources */,
				D72616C5282CAFC000E6DA71 /* RCLoginService.swift in Sources */,
				D7750BE328004180003188F0 /* RCVideoRoomCell.swift in Sources */,
				D7750BE228004180003188F0 /* LoginViewController.swift in Sources */,
				D7750BE028004180003188F0 /* AppConfigs.swift in Sources */,
			);
			runOnlyForDeploymentPostprocessing = 0;
		};
/* End PBXSourcesBuildPhase section */

/* Begin PBXVariantGroup section */
		D3DA24EB2817C659002BB3DB /* Main.storyboard */ = {
			isa = PBXVariantGroup;
			children = (
				D3DA24EC2817C659002BB3DB /* Base */,
			);
			name = Main.storyboard;
			sourceTree = "<group>";
		};
		D3DA24F02817C65A002BB3DB /* LaunchScreen.storyboard */ = {
			isa = PBXVariantGroup;
			children = (
				D3DA24F12817C65A002BB3DB /* Base */,
			);
			name = LaunchScreen.storyboard;
			sourceTree = "<group>";
		};
		D735B24527E601F900EF74B3 /* Main.storyboard */ = {
			isa = PBXVariantGroup;
			children = (
				D735B24627E601F900EF74B3 /* Base */,
			);
			name = Main.storyboard;
			sourceTree = "<group>";
		};
		D735B24A27E601FE00EF74B3 /* LaunchScreen.storyboard */ = {
			isa = PBXVariantGroup;
			children = (
				D735B24B27E601FE00EF74B3 /* Base */,
			);
			name = LaunchScreen.storyboard;
			sourceTree = "<group>";
		};
/* End PBXVariantGroup section */

/* Begin XCBuildConfiguration section */
		D3DA24F62817C65A002BB3DB /* Debug */ = {
			isa = XCBuildConfiguration;
			baseConfigurationReference = BEA6E1E009E94802011FD2A9 /* Pods-RCSceneExample-Objc.debug.xcconfig */;
			buildSettings = {
				ASSETCATALOG_COMPILER_APPICON_NAME = AppIcon;
				ASSETCATALOG_COMPILER_GLOBAL_ACCENT_COLOR_NAME = AccentColor;
				CLANG_CXX_LIBRARY = "libc++";
				CLANG_ENABLE_MODULES = YES;
				CODE_SIGN_STYLE = Automatic;
				CURRENT_PROJECT_VERSION = 2022052601;
				DEVELOPMENT_TEAM = 9CVMN4UZK4;
				ENABLE_BITCODE = NO;
				GENERATE_INFOPLIST_FILE = YES;
				INFOPLIST_FILE = "RCSceneExample-Objc/Info.plist";
				INFOPLIST_KEY_CFBundleDisplayName = SceneVoiceOC;
				INFOPLIST_KEY_NSCameraUsageDescription = "是否允许使用摄像头？";
				INFOPLIST_KEY_NSMicrophoneUsageDescription = "是否允许使用麦克风？";
				INFOPLIST_KEY_UIApplicationSupportsIndirectInputEvents = YES;
				INFOPLIST_KEY_UILaunchStoryboardName = LaunchScreen;
				INFOPLIST_KEY_UIMainStoryboardFile = Main;
				INFOPLIST_KEY_UISupportedInterfaceOrientations = UIInterfaceOrientationPortrait;
				INFOPLIST_KEY_UISupportedInterfaceOrientations_iPad = "UIInterfaceOrientationPortrait UIInterfaceOrientationPortraitUpsideDown UIInterfaceOrientationLandscapeLeft UIInterfaceOrientationLandscapeRight";
				INFOPLIST_KEY_UISupportedInterfaceOrientations_iPhone = "UIInterfaceOrientationPortrait UIInterfaceOrientationLandscapeLeft UIInterfaceOrientationLandscapeRight";
				IPHONEOS_DEPLOYMENT_TARGET = 13.0;
				LD_RUNPATH_SEARCH_PATHS = (
					"$(inherited)",
					"@executable_path/Frameworks",
				);
				MARKETING_VERSION = 0.0.3;
				PRODUCT_BUNDLE_IDENTIFIER = cn.rongcloud.scene.voice.room.objc;
				PRODUCT_NAME = "$(TARGET_NAME)";
				SWIFT_EMIT_LOC_STRINGS = YES;
				SWIFT_OBJC_BRIDGING_HEADER = "RCSceneExample-Objc/RCSceneExample-Objc-Bridging-Header.h";
				SWIFT_OPTIMIZATION_LEVEL = "-Onone";
				SWIFT_VERSION = 5.0;
				TARGETED_DEVICE_FAMILY = 1;
			};
			name = Debug;
		};
		D3DA24F72817C65A002BB3DB /* Release */ = {
			isa = XCBuildConfiguration;
			baseConfigurationReference = 19E62306A8CFD0C3FD1A3422 /* Pods-RCSceneExample-Objc.release.xcconfig */;
			buildSettings = {
				ASSETCATALOG_COMPILER_APPICON_NAME = AppIcon;
				ASSETCATALOG_COMPILER_GLOBAL_ACCENT_COLOR_NAME = AccentColor;
				CLANG_CXX_LIBRARY = "libc++";
				CLANG_ENABLE_MODULES = YES;
				CODE_SIGN_STYLE = Automatic;
				CURRENT_PROJECT_VERSION = 2022052601;
				DEVELOPMENT_TEAM = 9CVMN4UZK4;
				ENABLE_BITCODE = NO;
				GENERATE_INFOPLIST_FILE = YES;
				INFOPLIST_FILE = "RCSceneExample-Objc/Info.plist";
				INFOPLIST_KEY_CFBundleDisplayName = SceneVoiceOC;
				INFOPLIST_KEY_NSCameraUsageDescription = "是否允许使用摄像头？";
				INFOPLIST_KEY_NSMicrophoneUsageDescription = "是否允许使用麦克风？";
				INFOPLIST_KEY_UIApplicationSupportsIndirectInputEvents = YES;
				INFOPLIST_KEY_UILaunchStoryboardName = LaunchScreen;
				INFOPLIST_KEY_UIMainStoryboardFile = Main;
				INFOPLIST_KEY_UISupportedInterfaceOrientations = UIInterfaceOrientationPortrait;
				INFOPLIST_KEY_UISupportedInterfaceOrientations_iPad = "UIInterfaceOrientationPortrait UIInterfaceOrientationPortraitUpsideDown UIInterfaceOrientationLandscapeLeft UIInterfaceOrientationLandscapeRight";
				INFOPLIST_KEY_UISupportedInterfaceOrientations_iPhone = "UIInterfaceOrientationPortrait UIInterfaceOrientationLandscapeLeft UIInterfaceOrientationLandscapeRight";
				IPHONEOS_DEPLOYMENT_TARGET = 13.0;
				LD_RUNPATH_SEARCH_PATHS = (
					"$(inherited)",
					"@executable_path/Frameworks",
				);
				MARKETING_VERSION = 0.0.3;
				PRODUCT_BUNDLE_IDENTIFIER = cn.rongcloud.scene.voice.room.objc;
				PRODUCT_NAME = "$(TARGET_NAME)";
				SWIFT_EMIT_LOC_STRINGS = YES;
				SWIFT_OBJC_BRIDGING_HEADER = "RCSceneExample-Objc/RCSceneExample-Objc-Bridging-Header.h";
				SWIFT_VERSION = 5.0;
				TARGETED_DEVICE_FAMILY = 1;
			};
			name = Release;
		};
		D735B24E27E601FE00EF74B3 /* Debug */ = {
			isa = XCBuildConfiguration;
			buildSettings = {
				ALWAYS_SEARCH_USER_PATHS = NO;
				CLANG_ANALYZER_NONNULL = YES;
				CLANG_ANALYZER_NUMBER_OBJECT_CONVERSION = YES_AGGRESSIVE;
				CLANG_CXX_LANGUAGE_STANDARD = "gnu++17";
				CLANG_ENABLE_MODULES = YES;
				CLANG_ENABLE_OBJC_ARC = YES;
				CLANG_ENABLE_OBJC_WEAK = YES;
				CLANG_WARN_BLOCK_CAPTURE_AUTORELEASING = YES;
				CLANG_WARN_BOOL_CONVERSION = YES;
				CLANG_WARN_COMMA = YES;
				CLANG_WARN_CONSTANT_CONVERSION = YES;
				CLANG_WARN_DEPRECATED_OBJC_IMPLEMENTATIONS = YES;
				CLANG_WARN_DIRECT_OBJC_ISA_USAGE = YES_ERROR;
				CLANG_WARN_DOCUMENTATION_COMMENTS = YES;
				CLANG_WARN_EMPTY_BODY = YES;
				CLANG_WARN_ENUM_CONVERSION = YES;
				CLANG_WARN_INFINITE_RECURSION = YES;
				CLANG_WARN_INT_CONVERSION = YES;
				CLANG_WARN_NON_LITERAL_NULL_CONVERSION = YES;
				CLANG_WARN_OBJC_IMPLICIT_RETAIN_SELF = YES;
				CLANG_WARN_OBJC_LITERAL_CONVERSION = YES;
				CLANG_WARN_OBJC_ROOT_CLASS = YES_ERROR;
				CLANG_WARN_QUOTED_INCLUDE_IN_FRAMEWORK_HEADER = YES;
				CLANG_WARN_RANGE_LOOP_ANALYSIS = YES;
				CLANG_WARN_STRICT_PROTOTYPES = YES;
				CLANG_WARN_SUSPICIOUS_MOVE = YES;
				CLANG_WARN_UNGUARDED_AVAILABILITY = YES_AGGRESSIVE;
				CLANG_WARN_UNREACHABLE_CODE = YES;
				CLANG_WARN__DUPLICATE_METHOD_MATCH = YES;
				COPY_PHASE_STRIP = NO;
				DEBUG_INFORMATION_FORMAT = dwarf;
				ENABLE_STRICT_OBJC_MSGSEND = YES;
				ENABLE_TESTABILITY = YES;
				GCC_C_LANGUAGE_STANDARD = gnu11;
				GCC_DYNAMIC_NO_PIC = NO;
				GCC_NO_COMMON_BLOCKS = YES;
				GCC_OPTIMIZATION_LEVEL = 0;
				GCC_PREPROCESSOR_DEFINITIONS = (
					"DEBUG=1",
					"$(inherited)",
				);
				GCC_WARN_64_TO_32_BIT_CONVERSION = YES;
				GCC_WARN_ABOUT_RETURN_TYPE = YES_ERROR;
				GCC_WARN_UNDECLARED_SELECTOR = YES;
				GCC_WARN_UNINITIALIZED_AUTOS = YES_AGGRESSIVE;
				GCC_WARN_UNUSED_FUNCTION = YES;
				GCC_WARN_UNUSED_VARIABLE = YES;
				IPHONEOS_DEPLOYMENT_TARGET = 15.4;
				MTL_ENABLE_DEBUG_INFO = INCLUDE_SOURCE;
				MTL_FAST_MATH = YES;
				ONLY_ACTIVE_ARCH = YES;
				SDKROOT = iphoneos;
				SWIFT_ACTIVE_COMPILATION_CONDITIONS = DEBUG;
				SWIFT_OPTIMIZATION_LEVEL = "-Onone";
			};
			name = Debug;
		};
		D735B24F27E601FE00EF74B3 /* Release */ = {
			isa = XCBuildConfiguration;
			buildSettings = {
				ALWAYS_SEARCH_USER_PATHS = NO;
				CLANG_ANALYZER_NONNULL = YES;
				CLANG_ANALYZER_NUMBER_OBJECT_CONVERSION = YES_AGGRESSIVE;
				CLANG_CXX_LANGUAGE_STANDARD = "gnu++17";
				CLANG_ENABLE_MODULES = YES;
				CLANG_ENABLE_OBJC_ARC = YES;
				CLANG_ENABLE_OBJC_WEAK = YES;
				CLANG_WARN_BLOCK_CAPTURE_AUTORELEASING = YES;
				CLANG_WARN_BOOL_CONVERSION = YES;
				CLANG_WARN_COMMA = YES;
				CLANG_WARN_CONSTANT_CONVERSION = YES;
				CLANG_WARN_DEPRECATED_OBJC_IMPLEMENTATIONS = YES;
				CLANG_WARN_DIRECT_OBJC_ISA_USAGE = YES_ERROR;
				CLANG_WARN_DOCUMENTATION_COMMENTS = YES;
				CLANG_WARN_EMPTY_BODY = YES;
				CLANG_WARN_ENUM_CONVERSION = YES;
				CLANG_WARN_INFINITE_RECURSION = YES;
				CLANG_WARN_INT_CONVERSION = YES;
				CLANG_WARN_NON_LITERAL_NULL_CONVERSION = YES;
				CLANG_WARN_OBJC_IMPLICIT_RETAIN_SELF = YES;
				CLANG_WARN_OBJC_LITERAL_CONVERSION = YES;
				CLANG_WARN_OBJC_ROOT_CLASS = YES_ERROR;
				CLANG_WARN_QUOTED_INCLUDE_IN_FRAMEWORK_HEADER = YES;
				CLANG_WARN_RANGE_LOOP_ANALYSIS = YES;
				CLANG_WARN_STRICT_PROTOTYPES = YES;
				CLANG_WARN_SUSPICIOUS_MOVE = YES;
				CLANG_WARN_UNGUARDED_AVAILABILITY = YES_AGGRESSIVE;
				CLANG_WARN_UNREACHABLE_CODE = YES;
				CLANG_WARN__DUPLICATE_METHOD_MATCH = YES;
				COPY_PHASE_STRIP = NO;
				DEBUG_INFORMATION_FORMAT = "dwarf-with-dsym";
				ENABLE_NS_ASSERTIONS = NO;
				ENABLE_STRICT_OBJC_MSGSEND = YES;
				GCC_C_LANGUAGE_STANDARD = gnu11;
				GCC_NO_COMMON_BLOCKS = YES;
				GCC_WARN_64_TO_32_BIT_CONVERSION = YES;
				GCC_WARN_ABOUT_RETURN_TYPE = YES_ERROR;
				GCC_WARN_UNDECLARED_SELECTOR = YES;
				GCC_WARN_UNINITIALIZED_AUTOS = YES_AGGRESSIVE;
				GCC_WARN_UNUSED_FUNCTION = YES;
				GCC_WARN_UNUSED_VARIABLE = YES;
				IPHONEOS_DEPLOYMENT_TARGET = 15.4;
				MTL_ENABLE_DEBUG_INFO = NO;
				MTL_FAST_MATH = YES;
				SDKROOT = iphoneos;
				SWIFT_COMPILATION_MODE = wholemodule;
				SWIFT_OPTIMIZATION_LEVEL = "-O";
				VALIDATE_PRODUCT = YES;
			};
			name = Release;
		};
		D735B25127E601FE00EF74B3 /* Debug */ = {
			isa = XCBuildConfiguration;
			baseConfigurationReference = A58648F27F82743652A06324 /* Pods-RCSceneExample.debug.xcconfig */;
			buildSettings = {
				ASSETCATALOG_COMPILER_APPICON_NAME = AppIcon;
				ASSETCATALOG_COMPILER_GLOBAL_ACCENT_COLOR_NAME = AccentColor;
				CODE_SIGN_IDENTITY = "Apple Development";
				CODE_SIGN_STYLE = Automatic;
				CURRENT_PROJECT_VERSION = 2022052601;
				DEVELOPMENT_TEAM = 9CVMN4UZK4;
				ENABLE_BITCODE = NO;
				GENERATE_INFOPLIST_FILE = YES;
				INFOPLIST_FILE = RCSceneExample/Info.plist;
				INFOPLIST_KEY_CFBundleDisplayName = RCSceneExample;
				INFOPLIST_KEY_NSCameraUsageDescription = "是否允许使用摄像头？";
				INFOPLIST_KEY_NSMicrophoneUsageDescription = "是否允许使用麦克风？";
				INFOPLIST_KEY_UIApplicationSupportsIndirectInputEvents = YES;
				INFOPLIST_KEY_UILaunchStoryboardName = LaunchScreen;
				INFOPLIST_KEY_UIMainStoryboardFile = Main;
				INFOPLIST_KEY_UISupportedInterfaceOrientations = UIInterfaceOrientationPortrait;
				INFOPLIST_KEY_UISupportedInterfaceOrientations_iPad = "UIInterfaceOrientationPortrait UIInterfaceOrientationPortraitUpsideDown UIInterfaceOrientationLandscapeLeft UIInterfaceOrientationLandscapeRight";
				INFOPLIST_KEY_UISupportedInterfaceOrientations_iPhone = "UIInterfaceOrientationPortrait UIInterfaceOrientationLandscapeLeft UIInterfaceOrientationLandscapeRight";
				IPHONEOS_DEPLOYMENT_TARGET = 11.0;
				LD_RUNPATH_SEARCH_PATHS = (
					"$(inherited)",
					"@executable_path/Frameworks",
				);
				MARKETING_VERSION = 0.0.3;
				PRODUCT_BUNDLE_IDENTIFIER = cn.rongcloud.scene.voice.room;
				PRODUCT_NAME = "$(TARGET_NAME)";
				PROVISIONING_PROFILE_SPECIFIER = "";
				SWIFT_EMIT_LOC_STRINGS = YES;
				SWIFT_VERSION = 5.0;
				TARGETED_DEVICE_FAMILY = 1;
			};
			name = Debug;
		};
		D735B25227E601FE00EF74B3 /* Release */ = {
			isa = XCBuildConfiguration;
			baseConfigurationReference = 4125E81EFFF1D192DE5850F4 /* Pods-RCSceneExample.release.xcconfig */;
			buildSettings = {
				ASSETCATALOG_COMPILER_APPICON_NAME = AppIcon;
				ASSETCATALOG_COMPILER_GLOBAL_ACCENT_COLOR_NAME = AccentColor;
				CODE_SIGN_IDENTITY = "Apple Development";
				CODE_SIGN_STYLE = Automatic;
				CURRENT_PROJECT_VERSION = 2022052601;
				DEVELOPMENT_TEAM = 9CVMN4UZK4;
				ENABLE_BITCODE = NO;
				GENERATE_INFOPLIST_FILE = YES;
				INFOPLIST_FILE = RCSceneExample/Info.plist;
				INFOPLIST_KEY_CFBundleDisplayName = RCSceneExample;
				INFOPLIST_KEY_NSCameraUsageDescription = "是否允许使用摄像头？";
				INFOPLIST_KEY_NSMicrophoneUsageDescription = "是否允许使用麦克风？";
				INFOPLIST_KEY_UIApplicationSupportsIndirectInputEvents = YES;
				INFOPLIST_KEY_UILaunchStoryboardName = LaunchScreen;
				INFOPLIST_KEY_UIMainStoryboardFile = Main;
				INFOPLIST_KEY_UISupportedInterfaceOrientations = UIInterfaceOrientationPortrait;
				INFOPLIST_KEY_UISupportedInterfaceOrientations_iPad = "UIInterfaceOrientationPortrait UIInterfaceOrientationPortraitUpsideDown UIInterfaceOrientationLandscapeLeft UIInterfaceOrientationLandscapeRight";
				INFOPLIST_KEY_UISupportedInterfaceOrientations_iPhone = "UIInterfaceOrientationPortrait UIInterfaceOrientationLandscapeLeft UIInterfaceOrientationLandscapeRight";
				IPHONEOS_DEPLOYMENT_TARGET = 11.0;
				LD_RUNPATH_SEARCH_PATHS = (
					"$(inherited)",
					"@executable_path/Frameworks",
				);
				MARKETING_VERSION = 0.0.3;
				PRODUCT_BUNDLE_IDENTIFIER = cn.rongcloud.scene.voice.room;
				PRODUCT_NAME = "$(TARGET_NAME)";
				PROVISIONING_PROFILE_SPECIFIER = "";
				SWIFT_EMIT_LOC_STRINGS = YES;
				SWIFT_VERSION = 5.0;
				TARGETED_DEVICE_FAMILY = 1;
			};
			name = Release;
		};
/* End XCBuildConfiguration section */

/* Begin XCConfigurationList section */
		D3DA24F82817C65A002BB3DB /* Build configuration list for PBXNativeTarget "RCSceneExample-Objc" */ = {
			isa = XCConfigurationList;
			buildConfigurations = (
				D3DA24F62817C65A002BB3DB /* Debug */,
				D3DA24F72817C65A002BB3DB /* Release */,
			);
			defaultConfigurationIsVisible = 0;
			defaultConfigurationName = Release;
		};
		D735B23727E601F900EF74B3 /* Build configuration list for PBXProject "RCSceneExample" */ = {
			isa = XCConfigurationList;
			buildConfigurations = (
				D735B24E27E601FE00EF74B3 /* Debug */,
				D735B24F27E601FE00EF74B3 /* Release */,
			);
			defaultConfigurationIsVisible = 0;
			defaultConfigurationName = Release;
		};
		D735B25027E601FE00EF74B3 /* Build configuration list for PBXNativeTarget "RCSceneExample" */ = {
			isa = XCConfigurationList;
			buildConfigurations = (
				D735B25127E601FE00EF74B3 /* Debug */,
				D735B25227E601FE00EF74B3 /* Release */,
			);
			defaultConfigurationIsVisible = 0;
			defaultConfigurationName = Release;
		};
/* End XCConfigurationList section */
	};
	rootObject = D735B23427E601F900EF74B3 /* Project object */;
}
